
Microsoft Visual Studio Solution File, Format Version 12.00
# Visual Studio Version 16
VisualStudioVersion = 16.0.30104.148
MinimumVisualStudioVersion = 10.0.40219.1
Project("{FAE04EC0-301F-11D3-BF4B-00C04F79EFBC}") = "ExercicioEnumComp", "ExercicioEnumComp\ExercicioEnumComp.csproj", "{3D4B0769-7204-401B-8A58-1226FBB71B84}"
EndProject
Global
	GlobalSection(SolutionConfigurationPlatforms) = preSolution
		Debug|Any CPU = Debug|Any CPU
		Release|Any CPU = Release|Any CPU
	EndGlobalSection
	GlobalSection(ProjectConfigurationPlatforms) = postSolution
		{3D4B0769-7204-401B-8A58-1226FBB71B84}.Debug|Any CPU.ActiveCfg = Debug|Any CPU
		{3D4B0769-7204-401B-8A58-1226FBB71B84}.Debug|Any CPU.Build.0 = Debug|Any CPU
		{3D4B0769-7204-401B-8A58-1226FBB71B84}.Release|Any CPU.ActiveCfg = Release|Any CPU
		{3D4B0769-7204-401B-8A58-1226FBB71B84}.Release|Any CPU.Build.0 = Release|Any CPU
	EndGlobalSection
	GlobalSection(SolutionProperties) = preSolution
		HideSolutionNode = FALSE
	EndGlobalSection
	GlobalSection(ExtensibilityGlobals) = postSolution
		SolutionGuid = {C001C1A2-D0DF-4D85-A392-80BB0EBEC5EC}
	EndGlobalSection
EndGlobal
